
Microsoft Visual Studio Solution File, Format Version 12.00
# Visual Studio Version 16
VisualStudioVersion = 16.0.32929.386
MinimumVisualStudioVersion = 10.0.40219.1
Project("{FAE04EC0-301F-11D3-BF4B-00C04F79EFBC}") = "TH10", "TH10\TH10.csproj", "{8C450984-7C6A-480D-8EB3-5992DD525BEA}"
EndProject
Global
	GlobalSection(SolutionConfigurationPlatforms) = preSolution
		Debug|Any CPU = Debug|Any CPU
		Release|Any CPU = Release|Any CPU
	EndGlobalSection
	GlobalSection(ProjectConfigurationPlatforms) = postSolution
		{8C450984-7C6A-480D-8EB3-5992DD525BEA}.Debug|Any CPU.ActiveCfg = Debug|Any CPU
		{8C450984-7C6A-480D-8EB3-5992DD525BEA}.Debug|Any CPU.Build.0 = Debug|Any CPU
		{8C450984-7C6A-480D-8EB3-5992DD525BEA}.Release|Any CPU.ActiveCfg = Release|Any CPU
		{8C450984-7C6A-480D-8EB3-5992DD525BEA}.Release|Any CPU.Build.0 = Release|Any CPU
	EndGlobalSection
	GlobalSection(SolutionProperties) = preSolution
		HideSolutionNode = FALSE
	EndGlobalSection
	GlobalSection(ExtensibilityGlobals) = postSolution
		SolutionGuid = {E7460FB7-6ECB-448A-8F1E-91825D8A2038}
	EndGlobalSection
EndGlobal
